
Microsoft Visual Studio Solution File, Format Version 12.00
# Visual Studio Version 17
VisualStudioVersion = 17.7.34003.232
MinimumVisualStudioVersion = 10.0.40219.1
Project("{9A19103F-16F7-4668-BE54-9A1E7A4F7556}") = "SystemTextJsonForCosmosDb", "src\SystemTextJsonForCosmosDb.csproj", "{4A36972E-66D5-4388-9F61-DDE38D1991BE}"
EndProject
Project("{FAE04EC0-301F-11D3-BF4B-00C04F79EFBC}") = "SystemTextJsonForCosmosDb.UnitTests", "test\SystemTextJsonForCosmosDb.UnitTests\SystemTextJsonForCosmosDb.UnitTests.csproj", "{9FBC15E8-D139-4063-AB62-2EAFE35BE755}"
EndProject
Global
	GlobalSection(SolutionConfigurationPlatforms) = preSolution
		Debug|Any CPU = Debug|Any CPU
		Release|Any CPU = Release|Any CPU
	EndGlobalSection
	GlobalSection(ProjectConfigurationPlatforms) = postSolution
		{4A36972E-66D5-4388-9F61-DDE38D1991BE}.Debug|Any CPU.ActiveCfg = Debug|Any CPU
		{4A36972E-66D5-4388-9F61-DDE38D1991BE}.Debug|Any CPU.Build.0 = Debug|Any CPU
		{4A36972E-66D5-4388-9F61-DDE38D1991BE}.Release|Any CPU.ActiveCfg = Release|Any CPU
		{4A36972E-66D5-4388-9F61-DDE38D1991BE}.Release|Any CPU.Build.0 = Release|Any CPU
		{9FBC15E8-D139-4063-AB62-2EAFE35BE755}.Debug|Any CPU.ActiveCfg = Debug|Any CPU
		{9FBC15E8-D139-4063-AB62-2EAFE35BE755}.Debug|Any CPU.Build.0 = Debug|Any CPU
		{9FBC15E8-D139-4063-AB62-2EAFE35BE755}.Release|Any CPU.ActiveCfg = Release|Any CPU
		{9FBC15E8-D139-4063-AB62-2EAFE35BE755}.Release|Any CPU.Build.0 = Release|Any CPU
	EndGlobalSection
	GlobalSection(SolutionProperties) = preSolution
		HideSolutionNode = FALSE
	EndGlobalSection
	GlobalSection(ExtensibilityGlobals) = postSolution
		SolutionGuid = {F371A6D1-64A1-4981-B609-7813274EB93B}
	EndGlobalSection
EndGlobal
